// !$*UTF8*$!
{
	archiveVersion = 1;
	classes = {
	};
	objectVersion = 50;
	objects = {

/* Begin PBXBuildFile section */
		692A53E022BD4A19008C492F /* AppDelegate.swift in Sources */ = {isa = PBXBuildFile; fileRef = 692A53DF22BD4A19008C492F /* AppDelegate.swift */; };
		692A53E522BD4A19008C492F /* Main.storyboard in Resources */ = {isa = PBXBuildFile; fileRef = 692A53E322BD4A19008C492F /* Main.storyboard */; };
		692A53E722BD4A1F008C492F /* Assets.xcassets in Resources */ = {isa = PBXBuildFile; fileRef = 692A53E622BD4A1F008C492F /* Assets.xcassets */; };
		692A53EA22BD4A1F008C492F /* LaunchScreen.storyboard in Resources */ = {isa = PBXBuildFile; fileRef = 692A53E822BD4A1F008C492F /* LaunchScreen.storyboard */; };
		692A53F722BD4AEF008C492F /* ToDo.swift in Sources */ = {isa = PBXBuildFile; fileRef = 692A53F622BD4AEF008C492F /* ToDo.swift */; };
		692A53FA22BD4E8D008C492F /* String+Extension.swift in Sources */ = {isa = PBXBuildFile; fileRef = 692A53F922BD4E8D008C492F /* String+Extension.swift */; };
		692A53FE22BD51DE008C492F /* ToDoTableViewController.swift in Sources */ = {isa = PBXBuildFile; fileRef = 692A53FD22BD51DE008C492F /* ToDoTableViewController.swift */; };
		692A540022BD51F6008C492F /* ToDoItemTableViewController.swift in Sources */ = {isa = PBXBuildFile; fileRef = 692A53FF22BD51F6008C492F /* ToDoItemTableViewController.swift */; };
		692A540322BD5A0B008C492F /* TextFieldCell.swift in Sources */ = {isa = PBXBuildFile; fileRef = 692A540222BD5A0B008C492F /* TextFieldCell.swift */; };
		692A540522BD5A2F008C492F /* DateCell.swift in Sources */ = {isa = PBXBuildFile; fileRef = 692A540422BD5A2F008C492F /* DateCell.swift */; };
		692A540722BD5AA0008C492F /* SectionDatePicker.swift in Sources */ = {isa = PBXBuildFile; fileRef = 692A540622BD5AA0008C492F /* SectionDatePicker.swift */; };
		692A540A22BD5B30008C492F /* DatePickerCell.swift in Sources */ = {isa = PBXBuildFile; fileRef = 692A540922BD5B30008C492F /* DatePickerCell.swift */; };
		692A540C22BD5C23008C492F /* ImageCell.swift in Sources */ = {isa = PBXBuildFile; fileRef = 692A540B22BD5C22008C492F /* ImageCell.swift */; };
		692A540E22BD5C6C008C492F /* SwitchCell.swift in Sources */ = {isa = PBXBuildFile; fileRef = 692A540D22BD5C6C008C492F /* SwitchCell.swift */; };
		69819BEE22C653AF00E38721 /* SectionImagePickerController.swift in Sources */ = {isa = PBXBuildFile; fileRef = 69819BED22C653AF00E38721 /* SectionImagePickerController.swift */; };
		6985DA5822C3E79700056B4A /* SectionTextField.swift in Sources */ = {isa = PBXBuildFile; fileRef = 6985DA5722C3E79700056B4A /* SectionTextField.swift */; };
		6985DA5A22C3E85A00056B4A /* SectionSwitch.swift in Sources */ = {isa = PBXBuildFile; fileRef = 6985DA5922C3E85A00056B4A /* SectionSwitch.swift */; };
/* End PBXBuildFile section */

/* Begin PBXFileReference section */
		692A53DC22BD4A19008C492F /* To Do List.app */ = {isa = PBXFileReference; explicitFileType = wrapper.application; includeInIndex = 0; path = "To Do List.app"; sourceTree = BUILT_PRODUCTS_DIR; };
		692A53DF22BD4A19008C492F /* AppDelegate.swift */ = {isa = PBXFileReference; lastKnownFileType = sourcecode.swift; path = AppDelegate.swift; sourceTree = "<group>"; };
		692A53E422BD4A19008C492F /* Base */ = {isa = PBXFileReference; lastKnownFileType = file.storyboard; name = Base; path = Base.lproj/Main.storyboard; sourceTree = "<group>"; };
		692A53E622BD4A1F008C492F /* Assets.xcassets */ = {isa = PBXFileReference; lastKnownFileType = folder.assetcatalog; path = Assets.xcassets; sourceTree = "<group>"; };
		692A53E922BD4A1F008C492F /* Base */ = {isa = PBXFileReference; lastKnownFileType = file.storyboard; name = Base; path = Base.lproj/LaunchScreen.storyboard; sourceTree = "<group>"; };
		692A53EB22BD4A1F008C492F /* Info.plist */ = {isa = PBXFileReference; lastKnownFileType = text.plist.xml; path = Info.plist; sourceTree = "<group>"; };
		692A53F622BD4AEF008C492F /* ToDo.swift */ = {isa = PBXFileReference; lastKnownFileType = sourcecode.swift; path = ToDo.swift; sourceTree = "<group>"; };
		692A53F922BD4E8D008C492F /* String+Extension.swift */ = {isa = PBXFileReference; lastKnownFileType = sourcecode.swift; path = "String+Extension.swift"; sourceTree = "<group>"; };
		692A53FD22BD51DE008C492F /* ToDoTableViewController.swift */ = {isa = PBXFileReference; lastKnownFileType = sourcecode.swift; path = ToDoTableViewController.swift; sourceTree = "<group>"; };
		692A53FF22BD51F6008C492F /* ToDoItemTableViewController.swift */ = {isa = PBXFileReference; lastKnownFileType = sourcecode.swift; path = ToDoItemTableViewController.swift; sourceTree = "<group>"; };
		692A540222BD5A0B008C492F /* TextFieldCell.swift */ = {isa = PBXFileReference; lastKnownFileType = sourcecode.swift; path = TextFieldCell.swift; sourceTree = "<group>"; };
		692A540422BD5A2F008C492F /* DateCell.swift */ = {isa = PBXFileReference; lastKnownFileType = sourcecode.swift; path = DateCell.swift; sourceTree = "<group>"; };
		692A540622BD5AA0008C492F /* SectionDatePicker.swift */ = {isa = PBXFileReference; lastKnownFileType = sourcecode.swift; path = SectionDatePicker.swift; sourceTree = "<group>"; };
		692A540922BD5B30008C492F /* DatePickerCell.swift */ = {isa = PBXFileReference; lastKnownFileType = sourcecode.swift; path = DatePickerCell.swift; sourceTree = "<group>"; };
		692A540B22BD5C22008C492F /* ImageCell.swift */ = {isa = PBXFileReference; lastKnownFileType = sourcecode.swift; path = ImageCell.swift; sourceTree = "<group>"; };
		692A540D22BD5C6C008C492F /* SwitchCell.swift */ = {isa = PBXFileReference; lastKnownFileType = sourcecode.swift; path = SwitchCell.swift; sourceTree = "<group>"; };
		69819BED22C653AF00E38721 /* SectionImagePickerController.swift */ = {isa = PBXFileReference; lastKnownFileType = sourcecode.swift; path = SectionImagePickerController.swift; sourceTree = "<group>"; };
		6985DA5722C3E79700056B4A /* SectionTextField.swift */ = {isa = PBXFileReference; lastKnownFileType = sourcecode.swift; path = SectionTextField.swift; sourceTree = "<group>"; };
		6985DA5922C3E85A00056B4A /* SectionSwitch.swift */ = {isa = PBXFileReference; lastKnownFileType = sourcecode.swift; path = SectionSwitch.swift; sourceTree = "<group>"; };
/* End PBXFileReference section */

/* Begin PBXFrameworksBuildPhase section */
		692A53D922BD4A19008C492F /* Frameworks */ = {
			isa = PBXFrameworksBuildPhase;
			buildActionMask = 2147483647;
			files = (
			);
			runOnlyForDeploymentPostprocessing = 0;
		};
/* End PBXFrameworksBuildPhase section */

/* Begin PBXGroup section */
		692A53D322BD4A19008C492F = {
			isa = PBXGroup;
			children = (
				692A53DE22BD4A19008C492F /* To Do List */,
				692A53DD22BD4A19008C492F /* Products */,
			);
			sourceTree = "<group>";
		};
		692A53DD22BD4A19008C492F /* Products */ = {
			isa = PBXGroup;
			children = (
				692A53DC22BD4A19008C492F /* To Do List.app */,
			);
			name = Products;
			sourceTree = "<group>";
		};
		692A53DE22BD4A19008C492F /* To Do List */ = {
			isa = PBXGroup;
			children = (
				692A53F122BD4A42008C492F /* App */,
				692A540122BD59CA008C492F /* Cells */,
				692A53F822BD4E48008C492F /* Extensions */,
				692A53F522BD4AC1008C492F /* Model */,
				692A53F422BD4A9F008C492F /* Resources */,
				692A53F222BD4A7B008C492F /* Storyboards */,
				692A540822BD5B04008C492F /* View */,
				692A53F322BD4A93008C492F /* View Controllers */,
			);
			path = "To Do List";
			sourceTree = "<group>";
		};
		692A53F122BD4A42008C492F /* App */ = {
			isa = PBXGroup;
			children = (
				692A53DF22BD4A19008C492F /* AppDelegate.swift */,
				692A53EB22BD4A1F008C492F /* Info.plist */,
			);
			path = App;
			sourceTree = "<group>";
		};
		692A53F222BD4A7B008C492F /* Storyboards */ = {
			isa = PBXGroup;
			children = (
				692A53E322BD4A19008C492F /* Main.storyboard */,
				692A53E822BD4A1F008C492F /* LaunchScreen.storyboard */,
			);
			path = Storyboards;
			sourceTree = "<group>";
		};
		692A53F322BD4A93008C492F /* View Controllers */ = {
			isa = PBXGroup;
			children = (
				692A53FD22BD51DE008C492F /* ToDoTableViewController.swift */,
				692A53FF22BD51F6008C492F /* ToDoItemTableViewController.swift */,
			);
			path = "View Controllers";
			sourceTree = "<group>";
		};
		692A53F422BD4A9F008C492F /* Resources */ = {
			isa = PBXGroup;
			children = (
				692A53E622BD4A1F008C492F /* Assets.xcassets */,
			);
			path = Resources;
			sourceTree = "<group>";
		};
		692A53F522BD4AC1008C492F /* Model */ = {
			isa = PBXGroup;
			children = (
				692A53F622BD4AEF008C492F /* ToDo.swift */,
			);
			path = Model;
			sourceTree = "<group>";
		};
		692A53F822BD4E48008C492F /* Extensions */ = {
			isa = PBXGroup;
			children = (
				692A53F922BD4E8D008C492F /* String+Extension.swift */,
			);
			path = Extensions;
			sourceTree = "<group>";
		};
		692A540122BD59CA008C492F /* Cells */ = {
			isa = PBXGroup;
			children = (
				692A540422BD5A2F008C492F /* DateCell.swift */,
				692A540922BD5B30008C492F /* DatePickerCell.swift */,
				692A540B22BD5C22008C492F /* ImageCell.swift */,
				692A540D22BD5C6C008C492F /* SwitchCell.swift */,
				692A540222BD5A0B008C492F /* TextFieldCell.swift */,
			);
			path = Cells;
			sourceTree = "<group>";
		};
		692A540822BD5B04008C492F /* View */ = {
			isa = PBXGroup;
			children = (
				692A540622BD5AA0008C492F /* SectionDatePicker.swift */,
				69819BED22C653AF00E38721 /* SectionImagePickerController.swift */,
				6985DA5922C3E85A00056B4A /* SectionSwitch.swift */,
				6985DA5722C3E79700056B4A /* SectionTextField.swift */,
			);
			path = View;
			sourceTree = "<group>";
		};
/* End PBXGroup section */

/* Begin PBXNativeTarget section */
		692A53DB22BD4A19008C492F /* To Do List */ = {
			isa = PBXNativeTarget;
			buildConfigurationList = 692A53EE22BD4A1F008C492F /* Build configuration list for PBXNativeTarget "To Do List" */;
			buildPhases = (
				692A53D822BD4A19008C492F /* Sources */,
				692A53D922BD4A19008C492F /* Frameworks */,
				692A53DA22BD4A19008C492F /* Resources */,
			);
			buildRules = (
			);
			dependencies = (
			);
			name = "To Do List";
			productName = "To Do List";
			productReference = 692A53DC22BD4A19008C492F /* To Do List.app */;
			productType = "com.apple.product-type.application";
		};
/* End PBXNativeTarget section */

/* Begin PBXProject section */
		692A53D422BD4A19008C492F /* Project object */ = {
			isa = PBXProject;
			attributes = {
				LastSwiftUpdateCheck = 1020;
				LastUpgradeCheck = 1020;
				ORGANIZATIONNAME = "Denis Bystruev";
				TargetAttributes = {
					692A53DB22BD4A19008C492F = {
						CreatedOnToolsVersion = 10.2.1;
					};
				};
			};
			buildConfigurationList = 692A53D722BD4A19008C492F /* Build configuration list for PBXProject "To Do List" */;
			compatibilityVersion = "Xcode 9.3";
			developmentRegion = en;
			hasScannedForEncodings = 0;
			knownRegions = (
				en,
				Base,
			);
			mainGroup = 692A53D322BD4A19008C492F;
			productRefGroup = 692A53DD22BD4A19008C492F /* Products */;
			projectDirPath = "";
			projectRoot = "";
			targets = (
				692A53DB22BD4A19008C492F /* To Do List */,
			);
		};
/* End PBXProject section */

/* Begin PBXResourcesBuildPhase section */
		692A53DA22BD4A19008C492F /* Resources */ = {
			isa = PBXResourcesBuildPhase;
			buildActionMask = 2147483647;
			files = (
				692A53EA22BD4A1F008C492F /* LaunchScreen.storyboard in Resources */,
				692A53E722BD4A1F008C492F /* Assets.xcassets in Resources */,
				692A53E522BD4A19008C492F /* Main.storyboard in Resources */,
			);
			runOnlyForDeploymentPostprocessing = 0;
		};
/* End PBXResourcesBuildPhase section */

/* Begin PBXSourcesBuildPhase section */
		692A53D822BD4A19008C492F /* Sources */ = {
			isa = PBXSourcesBuildPhase;
			buildActionMask = 2147483647;
			files = (
				692A540A22BD5B30008C492F /* DatePickerCell.swift in Sources */,
				692A53FA22BD4E8D008C492F /* String+Extension.swift in Sources */,
				692A53FE22BD51DE008C492F /* ToDoTableViewController.swift in Sources */,
				6985DA5822C3E79700056B4A /* SectionTextField.swift in Sources */,
				692A540022BD51F6008C492F /* ToDoItemTableViewController.swift in Sources */,
				69819BEE22C653AF00E38721 /* SectionImagePickerController.swift in Sources */,
				692A53F722BD4AEF008C492F /* ToDo.swift in Sources */,
				692A540522BD5A2F008C492F /* DateCell.swift in Sources */,
				692A53E022BD4A19008C492F /* AppDelegate.swift in Sources */,
				692A540C22BD5C23008C492F /* ImageCell.swift in Sources */,
				692A540322BD5A0B008C492F /* TextFieldCell.swift in Sources */,
				6985DA5A22C3E85A00056B4A /* SectionSwitch.swift in Sources */,
				692A540E22BD5C6C008C492F /* SwitchCell.swift in Sources */,
				692A540722BD5AA0008C492F /* SectionDatePicker.swift in Sources */,
			);
			runOnlyForDeploymentPostprocessing = 0;
		};
/* End PBXSourcesBuildPhase section */

/* Begin PBXVariantGroup section */
		692A53E322BD4A19008C492F /* Main.storyboard */ = {
			isa = PBXVariantGroup;
			children = (
				692A53E422BD4A19008C492F /* Base */,
			);
			name = Main.storyboard;
			sourceTree = "<group>";
		};
		692A53E822BD4A1F008C492F /* LaunchScreen.storyboard */ = {
			isa = PBXVariantGroup;
			children = (
				692A53E922BD4A1F008C492F /* Base */,
			);
			name = LaunchScreen.storyboard;
			sourceTree = "<group>";
		};
/* End PBXVariantGroup section */

/* Begin XCBuildConfiguration section */
		692A53EC22BD4A1F008C492F /* Debug */ = {
			isa = XCBuildConfiguration;
			buildSettings = {
				ALWAYS_SEARCH_USER_PATHS = NO;
				CLANG_ANALYZER_NONNULL = YES;
				CLANG_ANALYZER_NUMBER_OBJECT_CONVERSION = YES_AGGRESSIVE;
				CLANG_CXX_LANGUAGE_STANDARD = "gnu++14";
				CLANG_CXX_LIBRARY = "libc++";
				CLANG_ENABLE_MODULES = YES;
				CLANG_ENABLE_OBJC_ARC = YES;
				CLANG_ENABLE_OBJC_WEAK = YES;
				CLANG_WARN_BLOCK_CAPTURE_AUTORELEASING = YES;
				CLANG_WARN_BOOL_CONVERSION = YES;
				CLANG_WARN_COMMA = YES;
				CLANG_WARN_CONSTANT_CONVERSION = YES;
				CLANG_WARN_DEPRECATED_OBJC_IMPLEMENTATIONS = YES;
				CLANG_WARN_DIRECT_OBJC_ISA_USAGE = YES_ERROR;
				CLANG_WARN_DOCUMENTATION_COMMENTS = YES;
				CLANG_WARN_EMPTY_BODY = YES;
				CLANG_WARN_ENUM_CONVERSION = YES;
				CLANG_WARN_INFINITE_RECURSION = YES;
				CLANG_WARN_INT_CONVERSION = YES;
				CLANG_WARN_NON_LITERAL_NULL_CONVERSION = YES;
				CLANG_WARN_OBJC_IMPLICIT_RETAIN_SELF = YES;
				CLANG_WARN_OBJC_LITERAL_CONVERSION = YES;
				CLANG_WARN_OBJC_ROOT_CLASS = YES_ERROR;
				CLANG_WARN_RANGE_LOOP_ANALYSIS = YES;
				CLANG_WARN_STRICT_PROTOTYPES = YES;
				CLANG_WARN_SUSPICIOUS_MOVE = YES;
				CLANG_WARN_UNGUARDED_AVAILABILITY = YES_AGGRESSIVE;
				CLANG_WARN_UNREACHABLE_CODE = YES;
				CLANG_WARN__DUPLICATE_METHOD_MATCH = YES;
				CODE_SIGN_IDENTITY = "iPhone Developer";
				COPY_PHASE_STRIP = NO;
				DEBUG_INFORMATION_FORMAT = dwarf;
				ENABLE_STRICT_OBJC_MSGSEND = YES;
				ENABLE_TESTABILITY = YES;
				GCC_C_LANGUAGE_STANDARD = gnu11;
				GCC_DYNAMIC_NO_PIC = NO;
				GCC_NO_COMMON_BLOCKS = YES;
				GCC_OPTIMIZATION_LEVEL = 0;
				GCC_PREPROCESSOR_DEFINITIONS = (
					"DEBUG=1",
					"$(inherited)",
				);
				GCC_WARN_64_TO_32_BIT_CONVERSION = YES;
				GCC_WARN_ABOUT_RETURN_TYPE = YES_ERROR;
				GCC_WARN_UNDECLARED_SELECTOR = YES;
				GCC_WARN_UNINITIALIZED_AUTOS = YES_AGGRESSIVE;
				GCC_WARN_UNUSED_FUNCTION = YES;
				GCC_WARN_UNUSED_VARIABLE = YES;
				IPHONEOS_DEPLOYMENT_TARGET = 12.2;
				MTL_ENABLE_DEBUG_INFO = INCLUDE_SOURCE;
				MTL_FAST_MATH = YES;
				ONLY_ACTIVE_ARCH = YES;
				SDKROOT = iphoneos;
				SWIFT_ACTIVE_COMPILATION_CONDITIONS = DEBUG;
				SWIFT_OPTIMIZATION_LEVEL = "-Onone";
			};
			name = Debug;
		};
		692A53ED22BD4A1F008C492F /* Release */ = {
			isa = XCBuildConfiguration;
			buildSettings = {
				ALWAYS_SEARCH_USER_PATHS = NO;
				CLANG_ANALYZER_NONNULL = YES;
				CLANG_ANALYZER_NUMBER_OBJECT_CONVERSION = YES_AGGRESSIVE;
				CLANG_CXX_LANGUAGE_STANDARD = "gnu++14";
				CLANG_CXX_LIBRARY = "libc++";
				CLANG_ENABLE_MODULES = YES;
				CLANG_ENABLE_OBJC_ARC = YES;
				CLANG_ENABLE_OBJC_WEAK = YES;
				CLANG_WARN_BLOCK_CAPTURE_AUTORELEASING = YES;
				CLANG_WARN_BOOL_CONVERSION = YES;
				CLANG_WARN_COMMA = YES;
				CLANG_WARN_CONSTANT_CONVERSION = YES;
				CLANG_WARN_DEPRECATED_OBJC_IMPLEMENTATIONS = YES;
				CLANG_WARN_DIRECT_OBJC_ISA_USAGE = YES_ERROR;
				CLANG_WARN_DOCUMENTATION_COMMENTS = YES;
				CLANG_WARN_EMPTY_BODY = YES;
				CLANG_WARN_ENUM_CONVERSION = YES;
				CLANG_WARN_INFINITE_RECURSION = YES;
				CLANG_WARN_INT_CONVERSION = YES;
				CLANG_WARN_NON_LITERAL_NULL_CONVERSION = YES;
				CLANG_WARN_OBJC_IMPLICIT_RETAIN_SELF = YES;
				CLANG_WARN_OBJC_LITERAL_CONVERSION = YES;
				CLANG_WARN_OBJC_ROOT_CLASS = YES_ERROR;
				CLANG_WARN_RANGE_LOOP_ANALYSIS = YES;
				CLANG_WARN_STRICT_PROTOTYPES = YES;
				CLANG_WARN_SUSPICIOUS_MOVE = YES;
				CLANG_WARN_UNGUARDED_AVAILABILITY = YES_AGGRESSIVE;
				CLANG_WARN_UNREACHABLE_CODE = YES;
				CLANG_WARN__DUPLICATE_METHOD_MATCH = YES;
				CODE_SIGN_IDENTITY = "iPhone Developer";
				COPY_PHASE_STRIP = NO;
				DEBUG_INFORMATION_FORMAT = "dwarf-with-dsym";
				ENABLE_NS_ASSERTIONS = NO;
				ENABLE_STRICT_OBJC_MSGSEND = YES;
				GCC_C_LANGUAGE_STANDARD = gnu11;
				GCC_NO_COMMON_BLOCKS = YES;
				GCC_WARN_64_TO_32_BIT_CONVERSION = YES;
				GCC_WARN_ABOUT_RETURN_TYPE = YES_ERROR;
				GCC_WARN_UNDECLARED_SELECTOR = YES;
				GCC_WARN_UNINITIALIZED_AUTOS = YES_AGGRESSIVE;
				GCC_WARN_UNUSED_FUNCTION = YES;
				GCC_WARN_UNUSED_VARIABLE = YES;
				IPHONEOS_DEPLOYMENT_TARGET = 12.2;
				MTL_ENABLE_DEBUG_INFO = NO;
				MTL_FAST_MATH = YES;
				SDKROOT = iphoneos;
				SWIFT_COMPILATION_MODE = wholemodule;
				SWIFT_OPTIMIZATION_LEVEL = "-O";
				VALIDATE_PRODUCT = YES;
			};
			name = Release;
		};
		692A53EF22BD4A1F008C492F /* Debug */ = {
			isa = XCBuildConfiguration;
			buildSettings = {
				ASSETCATALOG_COMPILER_APPICON_NAME = AppIcon;
				CODE_SIGN_STYLE = Automatic;
				DEVELOPMENT_TEAM = 8J39KF9DMS;
				INFOPLIST_FILE = "$(SRCROOT)/To Do List/App/Info.plist";
				LD_RUNPATH_SEARCH_PATHS = (
					"$(inherited)",
					"@executable_path/Frameworks",
				);
				PRODUCT_BUNDLE_IDENTIFIER = "ru.learnSwift.To-Do-List";
				PRODUCT_NAME = "$(TARGET_NAME)";
				SWIFT_VERSION = 5.0;
				TARGETED_DEVICE_FAMILY = "1,2";
			};
			name = Debug;
		};
		692A53F022BD4A1F008C492F /* Release */ = {
			isa = XCBuildConfiguration;
			buildSettings = {
				ASSETCATALOG_COMPILER_APPICON_NAME = AppIcon;
				CODE_SIGN_STYLE = Automatic;
				DEVELOPMENT_TEAM = 8J39KF9DMS;
				INFOPLIST_FILE = "$(SRCROOT)/To Do List/App/Info.plist";
				LD_RUNPATH_SEARCH_PATHS = (
					"$(inherited)",
					"@executable_path/Frameworks",
				);
				PRODUCT_BUNDLE_IDENTIFIER = "ru.learnSwift.To-Do-List";
				PRODUCT_NAME = "$(TARGET_NAME)";
				SWIFT_VERSION = 5.0;
				TARGETED_DEVICE_FAMILY = "1,2";
			};
			name = Release;
		};
/* End XCBuildConfiguration section */

/* Begin XCConfigurationList section */
		692A53D722BD4A19008C492F /* Build configuration list for PBXProject "To Do List" */ = {
			isa = XCConfigurationList;
			buildConfigurations = (
				692A53EC22BD4A1F008C492F /* Debug */,
				692A53ED22BD4A1F008C492F /* Release */,
			);
			defaultConfigurationIsVisible = 0;
			defaultConfigurationName = Release;
		};
		692A53EE22BD4A1F008C492F /* Build configuration list for PBXNativeTarget "To Do List" */ = {
			isa = XCConfigurationList;
			buildConfigurations = (
				692A53EF22BD4A1F008C492F /* Debug */,
				692A53F022BD4A1F008C492F /* Release */,
			);
			defaultConfigurationIsVisible = 0;
			defaultConfigurationName = Release;
		};
/* End XCConfigurationList section */
	};
	rootObject = 692A53D422BD4A19008C492F /* Project object */;
}
